// !$*UTF8*$!
{
	archiveVersion = 1;
	classes = {
	};
	objectVersion = 56;
	objects = {

/* Begin PBXBuildFile section */
		F1F2E3272B3F07E900D607F1 /* AppDelegate.swift in Sources */ = {isa = PBXBuildFile; fileRef = F1F2E3262B3F07E900D607F1 /* AppDelegate.swift */; };
		F1F2E3292B3F07E900D607F1 /* SceneDelegate.swift in Sources */ = {isa = PBXBuildFile; fileRef = F1F2E3282B3F07E900D607F1 /* SceneDelegate.swift */; };
		F1F2E3302B3F07EC00D607F1 /* Assets.xcassets in Resources */ = {isa = PBXBuildFile; fileRef = F1F2E32F2B3F07EC00D607F1 /* Assets.xcassets */; };
		F1F2E3332B3F07EC00D607F1 /* LaunchScreen.storyboard in Resources */ = {isa = PBXBuildFile; fileRef = F1F2E3312B3F07EC00D607F1 /* LaunchScreen.storyboard */; };
		F1F2E3442B3F10C300D607F1 /* SnapKit in Frameworks */ = {isa = PBXBuildFile; productRef = F1F2E3432B3F10C300D607F1 /* SnapKit */; };
		F1F2E3462B3F10C300D607F1 /* SnapKit-Dynamic in Frameworks */ = {isa = PBXBuildFile; productRef = F1F2E3452B3F10C300D607F1 /* SnapKit-Dynamic */; };
		F1F2E3492B3F10E200D607F1 /* RxBlocking in Frameworks */ = {isa = PBXBuildFile; productRef = F1F2E3482B3F10E200D607F1 /* RxBlocking */; };
		F1F2E34B2B3F10E200D607F1 /* RxBlocking-Dynamic in Frameworks */ = {isa = PBXBuildFile; productRef = F1F2E34A2B3F10E200D607F1 /* RxBlocking-Dynamic */; };
		F1F2E34D2B3F10E200D607F1 /* RxCocoa in Frameworks */ = {isa = PBXBuildFile; productRef = F1F2E34C2B3F10E200D607F1 /* RxCocoa */; };
		F1F2E34F2B3F10E200D607F1 /* RxCocoa-Dynamic in Frameworks */ = {isa = PBXBuildFile; productRef = F1F2E34E2B3F10E200D607F1 /* RxCocoa-Dynamic */; };
		F1F2E3512B3F10E200D607F1 /* RxRelay in Frameworks */ = {isa = PBXBuildFile; productRef = F1F2E3502B3F10E200D607F1 /* RxRelay */; };
		F1F2E3542B3F10FD00D607F1 /* ReactorKit in Frameworks */ = {isa = PBXBuildFile; productRef = F1F2E3532B3F10FD00D607F1 /* ReactorKit */; };
		F1F2E3572B3F110C00D607F1 /* RxFlow in Frameworks */ = {isa = PBXBuildFile; productRef = F1F2E3562B3F110C00D607F1 /* RxFlow */; };
		F1F2E35A2B3F112900D607F1 /* Then in Frameworks */ = {isa = PBXBuildFile; productRef = F1F2E3592B3F112900D607F1 /* Then */; };
		F1F2E35D2B3F114100D607F1 /* Swinject in Frameworks */ = {isa = PBXBuildFile; productRef = F1F2E35C2B3F114100D607F1 /* Swinject */; };
		F1F2E35F2B3F114100D607F1 /* Swinject-Dynamic in Frameworks */ = {isa = PBXBuildFile; productRef = F1F2E35E2B3F114100D607F1 /* Swinject-Dynamic */; };
		F1F2E3642B3FCE6300D607F1 /* DesignKit in Frameworks */ = {isa = PBXBuildFile; productRef = F1F2E3632B3FCE6300D607F1 /* DesignKit */; };
		F1F2E3662B3FCE6300D607F1 /* Entities in Frameworks */ = {isa = PBXBuildFile; productRef = F1F2E3652B3FCE6300D607F1 /* Entities */; };
		F1F2E3682B3FCE6300D607F1 /* Interfaces in Frameworks */ = {isa = PBXBuildFile; productRef = F1F2E3672B3FCE6300D607F1 /* Interfaces */; };
		F1F2E36E2B3FCE6300D607F1 /* UseCases in Frameworks */ = {isa = PBXBuildFile; productRef = F1F2E36D2B3FCE6300D607F1 /* UseCases */; };
		F1F2E3762B3FD0DA00D607F1 /* DesignKit in Resources */ = {isa = PBXBuildFile; fileRef = F1F2E3612B3FCAF900D607F1 /* DesignKit */; };
		F1F2E37C2B3FD10500D607F1 /* GmarketSansLight.otf in Resources */ = {isa = PBXBuildFile; fileRef = F1F2E3792B3FD10500D607F1 /* GmarketSansLight.otf */; };
		F1F2E37D2B3FD10500D607F1 /* GmarketSansMedium.otf in Resources */ = {isa = PBXBuildFile; fileRef = F1F2E37A2B3FD10500D607F1 /* GmarketSansMedium.otf */; };
		F1F2E37E2B3FD10500D607F1 /* GmarketSansBold.otf in Resources */ = {isa = PBXBuildFile; fileRef = F1F2E37B2B3FD10500D607F1 /* GmarketSansBold.otf */; };
/* End PBXBuildFile section */

/* Begin PBXFileReference section */
		F1F2E3232B3F07E900D607F1 /* InMyMemory.app */ = {isa = PBXFileReference; explicitFileType = wrapper.application; includeInIndex = 0; path = InMyMemory.app; sourceTree = BUILT_PRODUCTS_DIR; };
		F1F2E3262B3F07E900D607F1 /* AppDelegate.swift */ = {isa = PBXFileReference; lastKnownFileType = sourcecode.swift; path = AppDelegate.swift; sourceTree = "<group>"; };
		F1F2E3282B3F07E900D607F1 /* SceneDelegate.swift */ = {isa = PBXFileReference; lastKnownFileType = sourcecode.swift; path = SceneDelegate.swift; sourceTree = "<group>"; };
		F1F2E32F2B3F07EC00D607F1 /* Assets.xcassets */ = {isa = PBXFileReference; lastKnownFileType = folder.assetcatalog; path = Assets.xcassets; sourceTree = "<group>"; };
		F1F2E3322B3F07EC00D607F1 /* Base */ = {isa = PBXFileReference; lastKnownFileType = file.storyboard; name = Base; path = Base.lproj/LaunchScreen.storyboard; sourceTree = "<group>"; };
		F1F2E3342B3F07EC00D607F1 /* Info.plist */ = {isa = PBXFileReference; lastKnownFileType = text.plist.xml; path = Info.plist; sourceTree = "<group>"; };
		F1F2E33C2B3F0BEA00D607F1 /* Entities */ = {isa = PBXFileReference; lastKnownFileType = wrapper; path = Entities; sourceTree = "<group>"; };
		F1F2E33D2B3F0C1A00D607F1 /* UseCases */ = {isa = PBXFileReference; lastKnownFileType = wrapper; path = UseCases; sourceTree = "<group>"; };
		F1F2E33E2B3F0C3300D607F1 /* Interfaces */ = {isa = PBXFileReference; lastKnownFileType = wrapper; path = Interfaces; sourceTree = "<group>"; };
		F1F2E3402B3F0CB700D607F1 /* Repositories */ = {isa = PBXFileReference; lastKnownFileType = wrapper; path = Repositories; sourceTree = "<group>"; };
		F1F2E3412B3F0CF000D607F1 /* PersistentStorages */ = {isa = PBXFileReference; lastKnownFileType = wrapper; path = PersistentStorages; sourceTree = "<group>"; };
		F1F2E3612B3FCAF900D607F1 /* DesignKit */ = {isa = PBXFileReference; lastKnownFileType = wrapper; path = DesignKit; sourceTree = "<group>"; };
		F1F2E3792B3FD10500D607F1 /* GmarketSansLight.otf */ = {isa = PBXFileReference; lastKnownFileType = file; path = GmarketSansLight.otf; sourceTree = "<group>"; };
		F1F2E37A2B3FD10500D607F1 /* GmarketSansMedium.otf */ = {isa = PBXFileReference; lastKnownFileType = file; path = GmarketSansMedium.otf; sourceTree = "<group>"; };
		F1F2E37B2B3FD10500D607F1 /* GmarketSansBold.otf */ = {isa = PBXFileReference; lastKnownFileType = file; path = GmarketSansBold.otf; sourceTree = "<group>"; };
/* End PBXFileReference section */

/* Begin PBXFrameworksBuildPhase section */
		F1F2E3202B3F07E900D607F1 /* Frameworks */ = {
			isa = PBXFrameworksBuildPhase;
			buildActionMask = 2147483647;
			files = (
				F1F2E36E2B3FCE6300D607F1 /* UseCases in Frameworks */,
				F1F2E3642B3FCE6300D607F1 /* DesignKit in Frameworks */,
				F1F2E3442B3F10C300D607F1 /* SnapKit in Frameworks */,
				F1F2E3492B3F10E200D607F1 /* RxBlocking in Frameworks */,
				F1F2E3542B3F10FD00D607F1 /* ReactorKit in Frameworks */,
				F1F2E3572B3F110C00D607F1 /* RxFlow in Frameworks */,
				F1F2E3512B3F10E200D607F1 /* RxRelay in Frameworks */,
				F1F2E35D2B3F114100D607F1 /* Swinject in Frameworks */,
				F1F2E3682B3FCE6300D607F1 /* Interfaces in Frameworks */,
				F1F2E3662B3FCE6300D607F1 /* Entities in Frameworks */,
				F1F2E35A2B3F112900D607F1 /* Then in Frameworks */,
				F1F2E34D2B3F10E200D607F1 /* RxCocoa in Frameworks */,
				F1F2E3462B3F10C300D607F1 /* SnapKit-Dynamic in Frameworks */,
				F1F2E35F2B3F114100D607F1 /* Swinject-Dynamic in Frameworks */,
				F1F2E34F2B3F10E200D607F1 /* RxCocoa-Dynamic in Frameworks */,
				F1F2E34B2B3F10E200D607F1 /* RxBlocking-Dynamic in Frameworks */,
			);
			runOnlyForDeploymentPostprocessing = 0;
		};
/* End PBXFrameworksBuildPhase section */

/* Begin PBXGroup section */
		F1F2E31A2B3F07E900D607F1 = {
			isa = PBXGroup;
			children = (
				F1F2E3252B3F07E900D607F1 /* InMyMemory */,
				F1F2E3242B3F07E900D607F1 /* Products */,
				F1F2E3622B3FCE6300D607F1 /* Frameworks */,
			);
			sourceTree = "<group>";
		};
		F1F2E3242B3F07E900D607F1 /* Products */ = {
			isa = PBXGroup;
			children = (
				F1F2E3232B3F07E900D607F1 /* InMyMemory.app */,
			);
			name = Products;
			sourceTree = "<group>";
		};
		F1F2E3252B3F07E900D607F1 /* InMyMemory */ = {
			isa = PBXGroup;
			children = (
				F1F2E3602B3FCAD700D607F1 /* Presentation */,
				F1F2E33F2B3F0C6300D607F1 /* Data */,
				F1F2E33B2B3F0B9000D607F1 /* Domain */,
				F1F2E33A2B3F0AAC00D607F1 /* Application */,
			);
			path = InMyMemory;
			sourceTree = "<group>";
		};
		F1F2E33A2B3F0AAC00D607F1 /* Application */ = {
			isa = PBXGroup;
			children = (
				F1F2E3772B3FD0ED00D607F1 /* Resources */,
				F1F2E3262B3F07E900D607F1 /* AppDelegate.swift */,
				F1F2E3282B3F07E900D607F1 /* SceneDelegate.swift */,
				F1F2E3312B3F07EC00D607F1 /* LaunchScreen.storyboard */,
				F1F2E3342B3F07EC00D607F1 /* Info.plist */,
			);
			path = Application;
			sourceTree = "<group>";
		};
		F1F2E33B2B3F0B9000D607F1 /* Domain */ = {
			isa = PBXGroup;
			children = (
				F1F2E33E2B3F0C3300D607F1 /* Interfaces */,
				F1F2E33D2B3F0C1A00D607F1 /* UseCases */,
				F1F2E33C2B3F0BEA00D607F1 /* Entities */,
			);
			path = Domain;
			sourceTree = "<group>";
		};
		F1F2E33F2B3F0C6300D607F1 /* Data */ = {
			isa = PBXGroup;
			children = (
				F1F2E3412B3F0CF000D607F1 /* PersistentStorages */,
				F1F2E3402B3F0CB700D607F1 /* Repositories */,
			);
			path = Data;
			sourceTree = "<group>";
		};
		F1F2E3602B3FCAD700D607F1 /* Presentation */ = {
			isa = PBXGroup;
			children = (
				F1F2E3612B3FCAF900D607F1 /* DesignKit */,
			);
			path = Presentation;
			sourceTree = "<group>";
		};
		F1F2E3622B3FCE6300D607F1 /* Frameworks */ = {
			isa = PBXGroup;
			children = (
			);
			name = Frameworks;
			sourceTree = "<group>";
		};
		F1F2E3772B3FD0ED00D607F1 /* Resources */ = {
			isa = PBXGroup;
			children = (
				F1F2E3782B3FD0F500D607F1 /* Font */,
				F1F2E32F2B3F07EC00D607F1 /* Assets.xcassets */,
			);
			path = Resources;
			sourceTree = "<group>";
		};
		F1F2E3782B3FD0F500D607F1 /* Font */ = {
			isa = PBXGroup;
			children = (
				F1F2E37B2B3FD10500D607F1 /* GmarketSansBold.otf */,
				F1F2E3792B3FD10500D607F1 /* GmarketSansLight.otf */,
				F1F2E37A2B3FD10500D607F1 /* GmarketSansMedium.otf */,
			);
			path = Font;
			sourceTree = "<group>";
		};
/* End PBXGroup section */

/* Begin PBXNativeTarget section */
		F1F2E3222B3F07E900D607F1 /* InMyMemory */ = {
			isa = PBXNativeTarget;
			buildConfigurationList = F1F2E3372B3F07EC00D607F1 /* Build configuration list for PBXNativeTarget "InMyMemory" */;
			buildPhases = (
				F1F2E31F2B3F07E900D607F1 /* Sources */,
				F1F2E3202B3F07E900D607F1 /* Frameworks */,
				F1F2E3212B3F07E900D607F1 /* Resources */,
			);
			buildRules = (
			);
			dependencies = (
			);
			name = InMyMemory;
			packageProductDependencies = (
				F1F2E3432B3F10C300D607F1 /* SnapKit */,
				F1F2E3452B3F10C300D607F1 /* SnapKit-Dynamic */,
				F1F2E3482B3F10E200D607F1 /* RxBlocking */,
				F1F2E34A2B3F10E200D607F1 /* RxBlocking-Dynamic */,
				F1F2E34C2B3F10E200D607F1 /* RxCocoa */,
				F1F2E34E2B3F10E200D607F1 /* RxCocoa-Dynamic */,
				F1F2E3502B3F10E200D607F1 /* RxRelay */,
				F1F2E3532B3F10FD00D607F1 /* ReactorKit */,
				F1F2E3562B3F110C00D607F1 /* RxFlow */,
				F1F2E3592B3F112900D607F1 /* Then */,
				F1F2E35C2B3F114100D607F1 /* Swinject */,
				F1F2E35E2B3F114100D607F1 /* Swinject-Dynamic */,
				F1F2E3632B3FCE6300D607F1 /* DesignKit */,
				F1F2E3652B3FCE6300D607F1 /* Entities */,
				F1F2E3672B3FCE6300D607F1 /* Interfaces */,
				F1F2E36D2B3FCE6300D607F1 /* UseCases */,
			);
			productName = InMyMemory;
			productReference = F1F2E3232B3F07E900D607F1 /* InMyMemory.app */;
			productType = "com.apple.product-type.application";
		};
/* End PBXNativeTarget section */

/* Begin PBXProject section */
		F1F2E31B2B3F07E900D607F1 /* Project object */ = {
			isa = PBXProject;
			attributes = {
				BuildIndependentTargetsInParallel = 1;
				LastSwiftUpdateCheck = 1500;
				LastUpgradeCheck = 1500;
				TargetAttributes = {
					F1F2E3222B3F07E900D607F1 = {
						CreatedOnToolsVersion = 15.0.1;
					};
				};
			};
			buildConfigurationList = F1F2E31E2B3F07E900D607F1 /* Build configuration list for PBXProject "InMyMemory" */;
			compatibilityVersion = "Xcode 14.0";
			developmentRegion = en;
			hasScannedForEncodings = 0;
			knownRegions = (
				en,
				Base,
			);
			mainGroup = F1F2E31A2B3F07E900D607F1;
			packageReferences = (
				F1F2E3422B3F10C300D607F1 /* XCRemoteSwiftPackageReference "SnapKit" */,
				F1F2E3472B3F10E200D607F1 /* XCRemoteSwiftPackageReference "RxSwift" */,
				F1F2E3522B3F10FD00D607F1 /* XCRemoteSwiftPackageReference "ReactorKit" */,
				F1F2E3552B3F110C00D607F1 /* XCRemoteSwiftPackageReference "RxFlow" */,
				F1F2E3582B3F112900D607F1 /* XCRemoteSwiftPackageReference "Then" */,
				F1F2E35B2B3F114100D607F1 /* XCRemoteSwiftPackageReference "Swinject" */,
			);
			productRefGroup = F1F2E3242B3F07E900D607F1 /* Products */;
			projectDirPath = "";
			projectRoot = "";
			targets = (
				F1F2E3222B3F07E900D607F1 /* InMyMemory */,
			);
		};
/* End PBXProject section */

/* Begin PBXResourcesBuildPhase section */
		F1F2E3212B3F07E900D607F1 /* Resources */ = {
			isa = PBXResourcesBuildPhase;
			buildActionMask = 2147483647;
			files = (
				F1F2E3762B3FD0DA00D607F1 /* DesignKit in Resources */,
				F1F2E37E2B3FD10500D607F1 /* GmarketSansBold.otf in Resources */,
				F1F2E3332B3F07EC00D607F1 /* LaunchScreen.storyboard in Resources */,
				F1F2E3302B3F07EC00D607F1 /* Assets.xcassets in Resources */,
				F1F2E37C2B3FD10500D607F1 /* GmarketSansLight.otf in Resources */,
				F1F2E37D2B3FD10500D607F1 /* GmarketSansMedium.otf in Resources */,
			);
			runOnlyForDeploymentPostprocessing = 0;
		};
/* End PBXResourcesBuildPhase section */

/* Begin PBXSourcesBuildPhase section */
		F1F2E31F2B3F07E900D607F1 /* Sources */ = {
			isa = PBXSourcesBuildPhase;
			buildActionMask = 2147483647;
			files = (
				F1F2E3272B3F07E900D607F1 /* AppDelegate.swift in Sources */,
				F1F2E3292B3F07E900D607F1 /* SceneDelegate.swift in Sources */,
			);
			runOnlyForDeploymentPostprocessing = 0;
		};
/* End PBXSourcesBuildPhase section */

/* Begin PBXVariantGroup section */
		F1F2E3312B3F07EC00D607F1 /* LaunchScreen.storyboard */ = {
			isa = PBXVariantGroup;
			children = (
				F1F2E3322B3F07EC00D607F1 /* Base */,
			);
			name = LaunchScreen.storyboard;
			sourceTree = "<group>";
		};
/* End PBXVariantGroup section */

/* Begin XCBuildConfiguration section */
		F1F2E3352B3F07EC00D607F1 /* Debug */ = {
			isa = XCBuildConfiguration;
			buildSettings = {
				ALWAYS_SEARCH_USER_PATHS = NO;
				ASSETCATALOG_COMPILER_GENERATE_SWIFT_ASSET_SYMBOL_EXTENSIONS = YES;
				CLANG_ANALYZER_NONNULL = YES;
				CLANG_ANALYZER_NUMBER_OBJECT_CONVERSION = YES_AGGRESSIVE;
				CLANG_CXX_LANGUAGE_STANDARD = "gnu++20";
				CLANG_ENABLE_MODULES = YES;
				CLANG_ENABLE_OBJC_ARC = YES;
				CLANG_ENABLE_OBJC_WEAK = YES;
				CLANG_WARN_BLOCK_CAPTURE_AUTORELEASING = YES;
				CLANG_WARN_BOOL_CONVERSION = YES;
				CLANG_WARN_COMMA = YES;
				CLANG_WARN_CONSTANT_CONVERSION = YES;
				CLANG_WARN_DEPRECATED_OBJC_IMPLEMENTATIONS = YES;
				CLANG_WARN_DIRECT_OBJC_ISA_USAGE = YES_ERROR;
				CLANG_WARN_DOCUMENTATION_COMMENTS = YES;
				CLANG_WARN_EMPTY_BODY = YES;
				CLANG_WARN_ENUM_CONVERSION = YES;
				CLANG_WARN_INFINITE_RECURSION = YES;
				CLANG_WARN_INT_CONVERSION = YES;
				CLANG_WARN_NON_LITERAL_NULL_CONVERSION = YES;
				CLANG_WARN_OBJC_IMPLICIT_RETAIN_SELF = YES;
				CLANG_WARN_OBJC_LITERAL_CONVERSION = YES;
				CLANG_WARN_OBJC_ROOT_CLASS = YES_ERROR;
				CLANG_WARN_QUOTED_INCLUDE_IN_FRAMEWORK_HEADER = YES;
				CLANG_WARN_RANGE_LOOP_ANALYSIS = YES;
				CLANG_WARN_STRICT_PROTOTYPES = YES;
				CLANG_WARN_SUSPICIOUS_MOVE = YES;
				CLANG_WARN_UNGUARDED_AVAILABILITY = YES_AGGRESSIVE;
				CLANG_WARN_UNREACHABLE_CODE = YES;
				CLANG_WARN__DUPLICATE_METHOD_MATCH = YES;
				COPY_PHASE_STRIP = NO;
				DEBUG_INFORMATION_FORMAT = dwarf;
				ENABLE_STRICT_OBJC_MSGSEND = YES;
				ENABLE_TESTABILITY = YES;
				ENABLE_USER_SCRIPT_SANDBOXING = YES;
				GCC_C_LANGUAGE_STANDARD = gnu17;
				GCC_DYNAMIC_NO_PIC = NO;
				GCC_NO_COMMON_BLOCKS = YES;
				GCC_OPTIMIZATION_LEVEL = 0;
				GCC_PREPROCESSOR_DEFINITIONS = (
					"DEBUG=1",
					"$(inherited)",
				);
				GCC_WARN_64_TO_32_BIT_CONVERSION = YES;
				GCC_WARN_ABOUT_RETURN_TYPE = YES_ERROR;
				GCC_WARN_UNDECLARED_SELECTOR = YES;
				GCC_WARN_UNINITIALIZED_AUTOS = YES_AGGRESSIVE;
				GCC_WARN_UNUSED_FUNCTION = YES;
				GCC_WARN_UNUSED_VARIABLE = YES;
				IPHONEOS_DEPLOYMENT_TARGET = 17.0;
				LOCALIZATION_PREFERS_STRING_CATALOGS = YES;
				MTL_ENABLE_DEBUG_INFO = INCLUDE_SOURCE;
				MTL_FAST_MATH = YES;
				ONLY_ACTIVE_ARCH = YES;
				SDKROOT = iphoneos;
				SWIFT_ACTIVE_COMPILATION_CONDITIONS = "DEBUG $(inherited)";
				SWIFT_OPTIMIZATION_LEVEL = "-Onone";
			};
			name = Debug;
		};
		F1F2E3362B3F07EC00D607F1 /* Release */ = {
			isa = XCBuildConfiguration;
			buildSettings = {
				ALWAYS_SEARCH_USER_PATHS = NO;
				ASSETCATALOG_COMPILER_GENERATE_SWIFT_ASSET_SYMBOL_EXTENSIONS = YES;
				CLANG_ANALYZER_NONNULL = YES;
				CLANG_ANALYZER_NUMBER_OBJECT_CONVERSION = YES_AGGRESSIVE;
				CLANG_CXX_LANGUAGE_STANDARD = "gnu++20";
				CLANG_ENABLE_MODULES = YES;
				CLANG_ENABLE_OBJC_ARC = YES;
				CLANG_ENABLE_OBJC_WEAK = YES;
				CLANG_WARN_BLOCK_CAPTURE_AUTORELEASING = YES;
				CLANG_WARN_BOOL_CONVERSION = YES;
				CLANG_WARN_COMMA = YES;
				CLANG_WARN_CONSTANT_CONVERSION = YES;
				CLANG_WARN_DEPRECATED_OBJC_IMPLEMENTATIONS = YES;
				CLANG_WARN_DIRECT_OBJC_ISA_USAGE = YES_ERROR;
				CLANG_WARN_DOCUMENTATION_COMMENTS = YES;
				CLANG_WARN_EMPTY_BODY = YES;
				CLANG_WARN_ENUM_CONVERSION = YES;
				CLANG_WARN_INFINITE_RECURSION = YES;
				CLANG_WARN_INT_CONVERSION = YES;
				CLANG_WARN_NON_LITERAL_NULL_CONVERSION = YES;
				CLANG_WARN_OBJC_IMPLICIT_RETAIN_SELF = YES;
				CLANG_WARN_OBJC_LITERAL_CONVERSION = YES;
				CLANG_WARN_OBJC_ROOT_CLASS = YES_ERROR;
				CLANG_WARN_QUOTED_INCLUDE_IN_FRAMEWORK_HEADER = YES;
				CLANG_WARN_RANGE_LOOP_ANALYSIS = YES;
				CLANG_WARN_STRICT_PROTOTYPES = YES;
				CLANG_WARN_SUSPICIOUS_MOVE = YES;
				CLANG_WARN_UNGUARDED_AVAILABILITY = YES_AGGRESSIVE;
				CLANG_WARN_UNREACHABLE_CODE = YES;
				CLANG_WARN__DUPLICATE_METHOD_MATCH = YES;
				COPY_PHASE_STRIP = NO;
				DEBUG_INFORMATION_FORMAT = "dwarf-with-dsym";
				ENABLE_NS_ASSERTIONS = NO;
				ENABLE_STRICT_OBJC_MSGSEND = YES;
				ENABLE_USER_SCRIPT_SANDBOXING = YES;
				GCC_C_LANGUAGE_STANDARD = gnu17;
				GCC_NO_COMMON_BLOCKS = YES;
				GCC_WARN_64_TO_32_BIT_CONVERSION = YES;
				GCC_WARN_ABOUT_RETURN_TYPE = YES_ERROR;
				GCC_WARN_UNDECLARED_SELECTOR = YES;
				GCC_WARN_UNINITIALIZED_AUTOS = YES_AGGRESSIVE;
				GCC_WARN_UNUSED_FUNCTION = YES;
				GCC_WARN_UNUSED_VARIABLE = YES;
				IPHONEOS_DEPLOYMENT_TARGET = 17.0;
				LOCALIZATION_PREFERS_STRING_CATALOGS = YES;
				MTL_ENABLE_DEBUG_INFO = NO;
				MTL_FAST_MATH = YES;
				SDKROOT = iphoneos;
				SWIFT_COMPILATION_MODE = wholemodule;
				VALIDATE_PRODUCT = YES;
			};
			name = Release;
		};
		F1F2E3382B3F07EC00D607F1 /* Debug */ = {
			isa = XCBuildConfiguration;
			buildSettings = {
				ASSETCATALOG_COMPILER_APPICON_NAME = AppIcon;
				ASSETCATALOG_COMPILER_GLOBAL_ACCENT_COLOR_NAME = AccentColor;
				CODE_SIGN_STYLE = Automatic;
				CURRENT_PROJECT_VERSION = 1;
				DEVELOPMENT_TEAM = 62ZLDXLZ77;
				GENERATE_INFOPLIST_FILE = YES;
				INFOPLIST_FILE = InMyMemory/Application/Info.plist;
				INFOPLIST_KEY_UIApplicationSupportsIndirectInputEvents = YES;
				INFOPLIST_KEY_UILaunchStoryboardName = LaunchScreen;
				INFOPLIST_KEY_UISupportedInterfaceOrientations_iPad = "UIInterfaceOrientationPortrait UIInterfaceOrientationPortraitUpsideDown UIInterfaceOrientationLandscapeLeft UIInterfaceOrientationLandscapeRight";
				INFOPLIST_KEY_UISupportedInterfaceOrientations_iPhone = "UIInterfaceOrientationPortrait UIInterfaceOrientationLandscapeLeft UIInterfaceOrientationLandscapeRight";
				LD_RUNPATH_SEARCH_PATHS = (
					"$(inherited)",
					"@executable_path/Frameworks",
				);
				MARKETING_VERSION = 1.0;
				PRODUCT_BUNDLE_IDENTIFIER = hogumachu.InMyMemory;
				PRODUCT_NAME = "$(TARGET_NAME)";
				SWIFT_EMIT_LOC_STRINGS = YES;
				SWIFT_VERSION = 5.0;
				TARGETED_DEVICE_FAMILY = "1,2";
			};
			name = Debug;
		};
		F1F2E3392B3F07EC00D607F1 /* Release */ = {
			isa = XCBuildConfiguration;
			buildSettings = {
				ASSETCATALOG_COMPILER_APPICON_NAME = AppIcon;
				ASSETCATALOG_COMPILER_GLOBAL_ACCENT_COLOR_NAME = AccentColor;
				CODE_SIGN_STYLE = Automatic;
				CURRENT_PROJECT_VERSION = 1;
				DEVELOPMENT_TEAM = 62ZLDXLZ77;
				GENERATE_INFOPLIST_FILE = YES;
				INFOPLIST_FILE = InMyMemory/Application/Info.plist;
				INFOPLIST_KEY_UIApplicationSupportsIndirectInputEvents = YES;
				INFOPLIST_KEY_UILaunchStoryboardName = LaunchScreen;
				INFOPLIST_KEY_UISupportedInterfaceOrientations_iPad = "UIInterfaceOrientationPortrait UIInterfaceOrientationPortraitUpsideDown UIInterfaceOrientationLandscapeLeft UIInterfaceOrientationLandscapeRight";
				INFOPLIST_KEY_UISupportedInterfaceOrientations_iPhone = "UIInterfaceOrientationPortrait UIInterfaceOrientationLandscapeLeft UIInterfaceOrientationLandscapeRight";
				LD_RUNPATH_SEARCH_PATHS = (
					"$(inherited)",
					"@executable_path/Frameworks",
				);
				MARKETING_VERSION = 1.0;
				PRODUCT_BUNDLE_IDENTIFIER = hogumachu.InMyMemory;
				PRODUCT_NAME = "$(TARGET_NAME)";
				SWIFT_EMIT_LOC_STRINGS = YES;
				SWIFT_VERSION = 5.0;
				TARGETED_DEVICE_FAMILY = "1,2";
			};
			name = Release;
		};
/* End XCBuildConfiguration section */

/* Begin XCConfigurationList section */
		F1F2E31E2B3F07E900D607F1 /* Build configuration list for PBXProject "InMyMemory" */ = {
			isa = XCConfigurationList;
			buildConfigurations = (
				F1F2E3352B3F07EC00D607F1 /* Debug */,
				F1F2E3362B3F07EC00D607F1 /* Release */,
			);
			defaultConfigurationIsVisible = 0;
			defaultConfigurationName = Release;
		};
		F1F2E3372B3F07EC00D607F1 /* Build configuration list for PBXNativeTarget "InMyMemory" */ = {
			isa = XCConfigurationList;
			buildConfigurations = (
				F1F2E3382B3F07EC00D607F1 /* Debug */,
				F1F2E3392B3F07EC00D607F1 /* Release */,
			);
			defaultConfigurationIsVisible = 0;
			defaultConfigurationName = Release;
		};
/* End XCConfigurationList section */

/* Begin XCRemoteSwiftPackageReference section */
		F1F2E3422B3F10C300D607F1 /* XCRemoteSwiftPackageReference "SnapKit" */ = {
			isa = XCRemoteSwiftPackageReference;
			repositoryURL = "https://github.com/SnapKit/SnapKit";
			requirement = {
				kind = upToNextMajorVersion;
				minimumVersion = 5.6.0;
			};
		};
		F1F2E3472B3F10E200D607F1 /* XCRemoteSwiftPackageReference "RxSwift" */ = {
			isa = XCRemoteSwiftPackageReference;
			repositoryURL = "https://github.com/ReactiveX/RxSwift";
			requirement = {
				kind = upToNextMajorVersion;
				minimumVersion = 6.6.0;
			};
		};
		F1F2E3522B3F10FD00D607F1 /* XCRemoteSwiftPackageReference "ReactorKit" */ = {
			isa = XCRemoteSwiftPackageReference;
			repositoryURL = "https://github.com/ReactorKit/ReactorKit";
			requirement = {
				kind = upToNextMajorVersion;
				minimumVersion = 3.2.0;
			};
		};
		F1F2E3552B3F110C00D607F1 /* XCRemoteSwiftPackageReference "RxFlow" */ = {
			isa = XCRemoteSwiftPackageReference;
			repositoryURL = "https://github.com/RxSwiftCommunity/RxFlow";
			requirement = {
				kind = upToNextMajorVersion;
				minimumVersion = 2.13.0;
			};
		};
		F1F2E3582B3F112900D607F1 /* XCRemoteSwiftPackageReference "Then" */ = {
			isa = XCRemoteSwiftPackageReference;
			repositoryURL = "https://github.com/devxoul/Then";
			requirement = {
				kind = upToNextMajorVersion;
				minimumVersion = 3.0.0;
			};
		};
		F1F2E35B2B3F114100D607F1 /* XCRemoteSwiftPackageReference "Swinject" */ = {
			isa = XCRemoteSwiftPackageReference;
			repositoryURL = "https://github.com/Swinject/Swinject";
			requirement = {
				kind = upToNextMajorVersion;
				minimumVersion = 2.8.4;
			};
		};
/* End XCRemoteSwiftPackageReference section */

/* Begin XCSwiftPackageProductDependency section */
		F1F2E3432B3F10C300D607F1 /* SnapKit */ = {
			isa = XCSwiftPackageProductDependency;
			package = F1F2E3422B3F10C300D607F1 /* XCRemoteSwiftPackageReference "SnapKit" */;
			productName = SnapKit;
		};
		F1F2E3452B3F10C300D607F1 /* SnapKit-Dynamic */ = {
			isa = XCSwiftPackageProductDependency;
			package = F1F2E3422B3F10C300D607F1 /* XCRemoteSwiftPackageReference "SnapKit" */;
			productName = "SnapKit-Dynamic";
		};
		F1F2E3482B3F10E200D607F1 /* RxBlocking */ = {
			isa = XCSwiftPackageProductDependency;
			package = F1F2E3472B3F10E200D607F1 /* XCRemoteSwiftPackageReference "RxSwift" */;
			productName = RxBlocking;
		};
		F1F2E34A2B3F10E200D607F1 /* RxBlocking-Dynamic */ = {
			isa = XCSwiftPackageProductDependency;
			package = F1F2E3472B3F10E200D607F1 /* XCRemoteSwiftPackageReference "RxSwift" */;
			productName = "RxBlocking-Dynamic";
		};
		F1F2E34C2B3F10E200D607F1 /* RxCocoa */ = {
			isa = XCSwiftPackageProductDependency;
			package = F1F2E3472B3F10E200D607F1 /* XCRemoteSwiftPackageReference "RxSwift" */;
			productName = RxCocoa;
		};
		F1F2E34E2B3F10E200D607F1 /* RxCocoa-Dynamic */ = {
			isa = XCSwiftPackageProductDependency;
			package = F1F2E3472B3F10E200D607F1 /* XCRemoteSwiftPackageReference "RxSwift" */;
			productName = "RxCocoa-Dynamic";
		};
		F1F2E3502B3F10E200D607F1 /* RxRelay */ = {
			isa = XCSwiftPackageProductDependency;
			package = F1F2E3472B3F10E200D607F1 /* XCRemoteSwiftPackageReference "RxSwift" */;
			productName = RxRelay;
		};
		F1F2E3532B3F10FD00D607F1 /* ReactorKit */ = {
			isa = XCSwiftPackageProductDependency;
			package = F1F2E3522B3F10FD00D607F1 /* XCRemoteSwiftPackageReference "ReactorKit" */;
			productName = ReactorKit;
		};
		F1F2E3562B3F110C00D607F1 /* RxFlow */ = {
			isa = XCSwiftPackageProductDependency;
			package = F1F2E3552B3F110C00D607F1 /* XCRemoteSwiftPackageReference "RxFlow" */;
			productName = RxFlow;
		};
		F1F2E3592B3F112900D607F1 /* Then */ = {
			isa = XCSwiftPackageProductDependency;
			package = F1F2E3582B3F112900D607F1 /* XCRemoteSwiftPackageReference "Then" */;
			productName = Then;
		};
		F1F2E35C2B3F114100D607F1 /* Swinject */ = {
			isa = XCSwiftPackageProductDependency;
			package = F1F2E35B2B3F114100D607F1 /* XCRemoteSwiftPackageReference "Swinject" */;
			productName = Swinject;
		};
		F1F2E35E2B3F114100D607F1 /* Swinject-Dynamic */ = {
			isa = XCSwiftPackageProductDependency;
			package = F1F2E35B2B3F114100D607F1 /* XCRemoteSwiftPackageReference "Swinject" */;
			productName = "Swinject-Dynamic";
		};
		F1F2E3632B3FCE6300D607F1 /* DesignKit */ = {
			isa = XCSwiftPackageProductDependency;
			productName = DesignKit;
		};
		F1F2E3652B3FCE6300D607F1 /* Entities */ = {
			isa = XCSwiftPackageProductDependency;
			productName = Entities;
		};
		F1F2E3672B3FCE6300D607F1 /* Interfaces */ = {
			isa = XCSwiftPackageProductDependency;
			productName = Interfaces;
		};
		F1F2E36D2B3FCE6300D607F1 /* UseCases */ = {
			isa = XCSwiftPackageProductDependency;
			productName = UseCases;
		};
/* End XCSwiftPackageProductDependency section */
	};
	rootObject = F1F2E31B2B3F07E900D607F1 /* Project object */;
}
